// !$*UTF8*$!
{
	archiveVersion = 1;
	classes = {
	};
	objectVersion = 46;
	objects = {

/* Begin PBXBuildFile section */
		6EBA169E19ECB8BF00D56931 /* main.m in Sources */ = {isa = PBXBuildFile; fileRef = 6EBA169D19ECB8BF00D56931 /* main.m */; };
		6EBA16A119ECB8BF00D56931 /* AppDelegate.m in Sources */ = {isa = PBXBuildFile; fileRef = 6EBA16A019ECB8BF00D56931 /* AppDelegate.m */; };
		6EBA16A619ECB8BF00D56931 /* MainMenu.xib in Resources */ = {isa = PBXBuildFile; fileRef = 6EBA16A419ECB8BF00D56931 /* MainMenu.xib */; };
		6EBA16BD19ECB8E100D56931 /* HRInOutView.m in Sources */ = {isa = PBXBuildFile; fileRef = 6EBA16BC19ECB8E100D56931 /* HRInOutView.m */; };
/* End PBXBuildFile section */

/* Begin PBXFileReference section */
		6EBA169819ECB8BF00D56931 /* HRInOutView.app */ = {isa = PBXFileReference; explicitFileType = wrapper.application; includeInIndex = 0; path = HRInOutView.app; sourceTree = BUILT_PRODUCTS_DIR; };
		6EBA169C19ECB8BF00D56931 /* Info.plist */ = {isa = PBXFileReference; lastKnownFileType = text.plist.xml; path = Info.plist; sourceTree = "<group>"; };
		6EBA169D19ECB8BF00D56931 /* main.m */ = {isa = PBXFileReference; lastKnownFileType = sourcecode.c.objc; path = main.m; sourceTree = "<group>"; };
		6EBA169F19ECB8BF00D56931 /* AppDelegate.h */ = {isa = PBXFileReference; lastKnownFileType = sourcecode.c.h; path = AppDelegate.h; sourceTree = "<group>"; };
		6EBA16A019ECB8BF00D56931 /* AppDelegate.m */ = {isa = PBXFileReference; lastKnownFileType = sourcecode.c.objc; path = AppDelegate.m; sourceTree = "<group>"; };
		6EBA16A519ECB8BF00D56931 /* Base */ = {isa = PBXFileReference; lastKnownFileType = file.xib; name = Base; path = Base.lproj/MainMenu.xib; sourceTree = "<group>"; };
		6EBA16BB19ECB8E100D56931 /* HRInOutView.h */ = {isa = PBXFileReference; fileEncoding = 4; lastKnownFileType = sourcecode.c.h; path = HRInOutView.h; sourceTree = "<group>"; };
		6EBA16BC19ECB8E100D56931 /* HRInOutView.m */ = {isa = PBXFileReference; fileEncoding = 4; lastKnownFileType = sourcecode.c.objc; path = HRInOutView.m; sourceTree = "<group>"; };
/* End PBXFileReference section */

/* Begin PBXFrameworksBuildPhase section */
		6EBA169519ECB8BF00D56931 /* Frameworks */ = {
			isa = PBXFrameworksBuildPhase;
			buildActionMask = 2147483647;
			files = (
			);
			runOnlyForDeploymentPostprocessing = 0;
		};
/* End PBXFrameworksBuildPhase section */

/* Begin PBXGroup section */
		6EBA168F19ECB8BE00D56931 = {
			isa = PBXGroup;
			children = (
				6EBA169A19ECB8BF00D56931 /* HRInOutView */,
				6EBA169919ECB8BF00D56931 /* Products */,
			);
			sourceTree = "<group>";
		};
		6EBA169919ECB8BF00D56931 /* Products */ = {
			isa = PBXGroup;
			children = (
				6EBA169819ECB8BF00D56931 /* HRInOutView.app */,
			);
			name = Products;
			sourceTree = "<group>";
		};
		6EBA169A19ECB8BF00D56931 /* HRInOutView */ = {
			isa = PBXGroup;
			children = (
				6EBA169F19ECB8BF00D56931 /* AppDelegate.h */,
				6EBA16A019ECB8BF00D56931 /* AppDelegate.m */,
				6EBA16A419ECB8BF00D56931 /* MainMenu.xib */,
				6EBA169B19ECB8BF00D56931 /* Supporting Files */,
				6EBA16BB19ECB8E100D56931 /* HRInOutView.h */,
				6EBA16BC19ECB8E100D56931 /* HRInOutView.m */,
			);
			path = HRInOutView;
			sourceTree = "<group>";
		};
		6EBA169B19ECB8BF00D56931 /* Supporting Files */ = {
			isa = PBXGroup;
			children = (
				6EBA169C19ECB8BF00D56931 /* Info.plist */,
				6EBA169D19ECB8BF00D56931 /* main.m */,
			);
			name = "Supporting Files";
			sourceTree = "<group>";
		};
/* End PBXGroup section */

/* Begin PBXNativeTarget section */
		6EBA169719ECB8BF00D56931 /* HRInOutView */ = {
			isa = PBXNativeTarget;
			buildConfigurationList = 6EBA16B519ECB8BF00D56931 /* Build configuration list for PBXNativeTarget "HRInOutView" */;
			buildPhases = (
				6EBA169419ECB8BF00D56931 /* Sources */,
				6EBA169519ECB8BF00D56931 /* Frameworks */,
				6EBA169619ECB8BF00D56931 /* Resources */,
			);
			buildRules = (
			);
			dependencies = (
			);
			name = HRInOutView;
			productName = HRInOutView;
			productReference = 6EBA169819ECB8BF00D56931 /* HRInOutView.app */;
			productType = "com.apple.product-type.application";
		};
/* End PBXNativeTarget section */

/* Begin PBXProject section */
		6EBA169019ECB8BE00D56931 /* Project object */ = {
			isa = PBXProject;
			attributes = {
				LastUpgradeCheck = 0600;
				ORGANIZATIONNAME = 0xFF;
				TargetAttributes = {
					6EBA169719ECB8BF00D56931 = {
						CreatedOnToolsVersion = 6.0.1;
					};
				};
			};
			buildConfigurationList = 6EBA169319ECB8BE00D56931 /* Build configuration list for PBXProject "HRInOutView" */;
			compatibilityVersion = "Xcode 3.2";
			developmentRegion = English;
			hasScannedForEncodings = 0;
			knownRegions = (
				en,
				Base,
			);
			mainGroup = 6EBA168F19ECB8BE00D56931;
			productRefGroup = 6EBA169919ECB8BF00D56931 /* Products */;
			projectDirPath = "";
			projectRoot = "";
			targets = (
				6EBA169719ECB8BF00D56931 /* HRInOutView */,
			);
		};
/* End PBXProject section */

/* Begin PBXResourcesBuildPhase section */
		6EBA169619ECB8BF00D56931 /* Resources */ = {
			isa = PBXResourcesBuildPhase;
			buildActionMask = 2147483647;
			files = (
				6EBA16A619ECB8BF00D56931 /* MainMenu.xib in Resources */,
			);
			runOnlyForDeploymentPostprocessing = 0;
		};
/* End PBXResourcesBuildPhase section */

/* Begin PBXSourcesBuildPhase section */
		6EBA169419ECB8BF00D56931 /* Sources */ = {
			isa = PBXSourcesBuildPhase;
			buildActionMask = 2147483647;
			files = (
				6EBA16A119ECB8BF00D56931 /* AppDelegate.m in Sources */,
				6EBA169E19ECB8BF00D56931 /* main.m in Sources */,
				6EBA16BD19ECB8E100D56931 /* HRInOutView.m in Sources */,
			);
			runOnlyForDeploymentPostprocessing = 0;
		};
/* End PBXSourcesBuildPhase section */

/* Begin PBXVariantGroup section */
		6EBA16A419ECB8BF00D56931 /* MainMenu.xib */ = {
			isa = PBXVariantGroup;
			children = (
				6EBA16A519ECB8BF00D56931 /* Base */,
			);
			name = MainMenu.xib;
			sourceTree = "<group>";
		};
/* End PBXVariantGroup section */

/* Begin XCBuildConfiguration section */
		6EBA16B319ECB8BF00D56931 /* Debug */ = {
			isa = XCBuildConfiguration;
			buildSettings = {
				ALWAYS_SEARCH_USER_PATHS = NO;
				CLANG_CXX_LANGUAGE_STANDARD = "gnu++0x";
				CLANG_CXX_LIBRARY = "libc++";
				CLANG_ENABLE_MODULES = YES;
				CLANG_ENABLE_OBJC_ARC = YES;
				CLANG_WARN_BOOL_CONVERSION = YES;
				CLANG_WARN_CONSTANT_CONVERSION = YES;
				CLANG_WARN_DIRECT_OBJC_ISA_USAGE = YES_ERROR;
				CLANG_WARN_EMPTY_BODY = YES;
				CLANG_WARN_ENUM_CONVERSION = YES;
				CLANG_WARN_INT_CONVERSION = YES;
				CLANG_WARN_OBJC_ROOT_CLASS = YES_ERROR;
				CLANG_WARN_UNREACHABLE_CODE = YES;
				CLANG_WARN__DUPLICATE_METHOD_MATCH = YES;
				CODE_SIGN_IDENTITY = "-";
				COPY_PHASE_STRIP = NO;
				ENABLE_STRICT_OBJC_MSGSEND = YES;
				GCC_C_LANGUAGE_STANDARD = gnu99;
				GCC_DYNAMIC_NO_PIC = NO;
				GCC_OPTIMIZATION_LEVEL = 0;
				GCC_PREPROCESSOR_DEFINITIONS = (
					"DEBUG=1",
					"$(inherited)",
				);
				GCC_SYMBOLS_PRIVATE_EXTERN = NO;
				GCC_WARN_64_TO_32_BIT_CONVERSION = YES;
				GCC_WARN_ABOUT_RETURN_TYPE = YES_ERROR;
				GCC_WARN_UNDECLARED_SELECTOR = YES;
				GCC_WARN_UNINITIALIZED_AUTOS = YES_AGGRESSIVE;
				GCC_WARN_UNUSED_FUNCTION = YES;
				GCC_WARN_UNUSED_VARIABLE = YES;
				MACOSX_DEPLOYMENT_TARGET = 10.9;
				MTL_ENABLE_DEBUG_INFO = YES;
				ONLY_ACTIVE_ARCH = YES;
				SDKROOT = macosx;
			};
			name = Debug;
		};
		6EBA16B419ECB8BF00D56931 /* Release */ = {
			isa = XCBuildConfiguration;
			buildSettings = {
				ALWAYS_SEARCH_USER_PATHS = NO;
				CLANG_CXX_LANGUAGE_STANDARD = "gnu++0x";
				CLANG_CXX_LIBRARY = "libc++";
				CLANG_ENABLE_MODULES = YES;
				CLANG_ENABLE_OBJC_ARC = YES;
				CLANG_WARN_BOOL_CONVERSION = YES;
				CLANG_WARN_CONSTANT_CONVERSION = YES;
				CLANG_WARN_DIRECT_OBJC_ISA_USAGE = YES_ERROR;
				CLANG_WARN_EMPTY_BODY = YES;
				CLANG_WARN_ENUM_CONVERSION = YES;
				CLANG_WARN_INT_CONVERSION = YES;
				CLANG_WARN_OBJC_ROOT_CLASS = YES_ERROR;
				CLANG_WARN_UNREACHABLE_CODE = YES;
				CLANG_WARN__DUPLICATE_METHOD_MATCH = YES;
				CODE_SIGN_IDENTITY = "-";
				COPY_PHASE_STRIP = YES;
				DEBUG_INFORMATION_FORMAT = "dwarf-with-dsym";
				ENABLE_NS_ASSERTIONS = NO;
				ENABLE_STRICT_OBJC_MSGSEND = YES;
				GCC_C_LANGUAGE_STANDARD = gnu99;
				GCC_WARN_64_TO_32_BIT_CONVERSION = YES;
				GCC_WARN_ABOUT_RETURN_TYPE = YES_ERROR;
				GCC_WARN_UNDECLARED_SELECTOR = YES;
				GCC_WARN_UNINITIALIZED_AUTOS = YES_AGGRESSIVE;
				GCC_WARN_UNUSED_FUNCTION = YES;
				GCC_WARN_UNUSED_VARIABLE = YES;
				MACOSX_DEPLOYMENT_TARGET = 10.9;
				MTL_ENABLE_DEBUG_INFO = NO;
				SDKROOT = macosx;
			};
			name = Release;
		};
		6EBA16B619ECB8BF00D56931 /* Debug */ = {
			isa = XCBuildConfiguration;
			buildSettings = {
				ASSETCATALOG_COMPILER_APPICON_NAME = AppIcon;
				COMBINE_HIDPI_IMAGES = YES;
				INFOPLIST_FILE = HRInOutView/Info.plist;
				LD_RUNPATH_SEARCH_PATHS = "$(inherited) @executable_path/../Frameworks";
				PRODUCT_NAME = "$(TARGET_NAME)";
			};
			name = Debug;
		};
		6EBA16B719ECB8BF00D56931 /* Release */ = {
			isa = XCBuildConfiguration;
			buildSettings = {
				ASSETCATALOG_COMPILER_APPICON_NAME = AppIcon;
				COMBINE_HIDPI_IMAGES = YES;
				INFOPLIST_FILE = HRInOutView/Info.plist;
				LD_RUNPATH_SEARCH_PATHS = "$(inherited) @executable_path/../Frameworks";
				PRODUCT_NAME = "$(TARGET_NAME)";
			};
			name = Release;
		};
/* End XCBuildConfiguration section */

/* Begin XCConfigurationList section */
		6EBA169319ECB8BE00D56931 /* Build configuration list for PBXProject "HRInOutView" */ = {
			isa = XCConfigurationList;
			buildConfigurations = (
				6EBA16B319ECB8BF00D56931 /* Debug */,
				6EBA16B419ECB8BF00D56931 /* Release */,
			);
			defaultConfigurationIsVisible = 0;
			defaultConfigurationName = Release;
		};
		6EBA16B519ECB8BF00D56931 /* Build configuration list for PBXNativeTarget "HRInOutView" */ = {
			isa = XCConfigurationList;
			buildConfigurations = (
				6EBA16B619ECB8BF00D56931 /* Debug */,
				6EBA16B719ECB8BF00D56931 /* Release */,
			);
			defaultConfigurationIsVisible = 0;
		};
/* End XCConfigurationList section */
	};
	rootObject = 6EBA169019ECB8BE00D56931 /* Project object */;
}
